// !$*UTF8*$!
{
	archiveVersion = 1;
	classes = {
	};
	objectVersion = 46;
	objects = {

/* Begin PBXBuildFile section */
		B61DA5F31F13F58500EA31B1 /* ErinnerungsAPP.xcdatamodeld in Sources */ = {isa = PBXBuildFile; fileRef = B61DA5F11F13F58500EA31B1 /* ErinnerungsAPP.xcdatamodeld */; };
		B61DA5FE1F13F5F300EA31B1 /* AnniversaryClaims+CoreDataClass.swift in Sources */ = {isa = PBXBuildFile; fileRef = B61DA5F41F13F5F300EA31B1 /* AnniversaryClaims+CoreDataClass.swift */; };
		B61DA5FF1F13F5F300EA31B1 /* AnniversaryClaims+CoreDataProperties.swift in Sources */ = {isa = PBXBuildFile; fileRef = B61DA5F51F13F5F300EA31B1 /* AnniversaryClaims+CoreDataProperties.swift */; };
		B61DA6001F13F5F300EA31B1 /* BirthdayClaims+CoreDataClass.swift in Sources */ = {isa = PBXBuildFile; fileRef = B61DA5F61F13F5F300EA31B1 /* BirthdayClaims+CoreDataClass.swift */; };
		B61DA6011F13F5F300EA31B1 /* BirthdayClaims+CoreDataProperties.swift in Sources */ = {isa = PBXBuildFile; fileRef = B61DA5F71F13F5F300EA31B1 /* BirthdayClaims+CoreDataProperties.swift */; };
		B61DA6021F13F5F300EA31B1 /* ClaimTableViewCell.swift in Sources */ = {isa = PBXBuildFile; fileRef = B61DA5F81F13F5F300EA31B1 /* ClaimTableViewCell.swift */; };
		B61DA6031F13F5F300EA31B1 /* Kategory+CoreDataClass.swift in Sources */ = {isa = PBXBuildFile; fileRef = B61DA5F91F13F5F300EA31B1 /* Kategory+CoreDataClass.swift */; };
		B61DA6041F13F5F300EA31B1 /* Kategory+CoreDataProperties.swift in Sources */ = {isa = PBXBuildFile; fileRef = B61DA5FA1F13F5F300EA31B1 /* Kategory+CoreDataProperties.swift */; };
		B61DA6051F13F5F300EA31B1 /* KategoryViewController.swift in Sources */ = {isa = PBXBuildFile; fileRef = B61DA5FB1F13F5F300EA31B1 /* KategoryViewController.swift */; };
		B61DA6061F13F5F300EA31B1 /* OneKategoryViewController.swift in Sources */ = {isa = PBXBuildFile; fileRef = B61DA5FC1F13F5F300EA31B1 /* OneKategoryViewController.swift */; };
		B61DA6071F13F5F300EA31B1 /* TextEditViewController.swift in Sources */ = {isa = PBXBuildFile; fileRef = B61DA5FD1F13F5F300EA31B1 /* TextEditViewController.swift */; };
		B6E81E121F08FF5500826A84 /* AppDelegate.swift in Sources */ = {isa = PBXBuildFile; fileRef = B6E81E111F08FF5500826A84 /* AppDelegate.swift */; };
		B6E81E141F08FF5500826A84 /* ViewController.swift in Sources */ = {isa = PBXBuildFile; fileRef = B6E81E131F08FF5500826A84 /* ViewController.swift */; };
		B6E81E171F08FF5500826A84 /* Main.storyboard in Resources */ = {isa = PBXBuildFile; fileRef = B6E81E151F08FF5500826A84 /* Main.storyboard */; };
		B6E81E1C1F08FF5500826A84 /* Assets.xcassets in Resources */ = {isa = PBXBuildFile; fileRef = B6E81E1B1F08FF5500826A84 /* Assets.xcassets */; };
		B6E81E1F1F08FF5500826A84 /* LaunchScreen.storyboard in Resources */ = {isa = PBXBuildFile; fileRef = B6E81E1D1F08FF5500826A84 /* LaunchScreen.storyboard */; };
		D1FD2B891F12094600DA8C1D /* OverviewTableViewController.swift in Sources */ = {isa = PBXBuildFile; fileRef = D1FD2B881F12094600DA8C1D /* OverviewTableViewController.swift */; };
		D1FD2B8B1F12574100DA8C1D /* DetailController.swift in Sources */ = {isa = PBXBuildFile; fileRef = D1FD2B8A1F12574100DA8C1D /* DetailController.swift */; };
/* End PBXBuildFile section */

/* Begin PBXFileReference section */
		B61DA5F21F13F58500EA31B1 /* ErinnerungsAPP.xcdatamodel */ = {isa = PBXFileReference; lastKnownFileType = wrapper.xcdatamodel; path = ErinnerungsAPP.xcdatamodel; sourceTree = "<group>"; };
		B61DA5F41F13F5F300EA31B1 /* AnniversaryClaims+CoreDataClass.swift */ = {isa = PBXFileReference; fileEncoding = 4; lastKnownFileType = sourcecode.swift; path = "AnniversaryClaims+CoreDataClass.swift"; sourceTree = "<group>"; };
		B61DA5F51F13F5F300EA31B1 /* AnniversaryClaims+CoreDataProperties.swift */ = {isa = PBXFileReference; fileEncoding = 4; lastKnownFileType = sourcecode.swift; path = "AnniversaryClaims+CoreDataProperties.swift"; sourceTree = "<group>"; };
		B61DA5F61F13F5F300EA31B1 /* BirthdayClaims+CoreDataClass.swift */ = {isa = PBXFileReference; fileEncoding = 4; lastKnownFileType = sourcecode.swift; path = "BirthdayClaims+CoreDataClass.swift"; sourceTree = "<group>"; };
		B61DA5F71F13F5F300EA31B1 /* BirthdayClaims+CoreDataProperties.swift */ = {isa = PBXFileReference; fileEncoding = 4; lastKnownFileType = sourcecode.swift; path = "BirthdayClaims+CoreDataProperties.swift"; sourceTree = "<group>"; };
		B61DA5F81F13F5F300EA31B1 /* ClaimTableViewCell.swift */ = {isa = PBXFileReference; fileEncoding = 4; lastKnownFileType = sourcecode.swift; path = ClaimTableViewCell.swift; sourceTree = "<group>"; };
		B61DA5F91F13F5F300EA31B1 /* Kategory+CoreDataClass.swift */ = {isa = PBXFileReference; fileEncoding = 4; lastKnownFileType = sourcecode.swift; path = "Kategory+CoreDataClass.swift"; sourceTree = "<group>"; };
		B61DA5FA1F13F5F300EA31B1 /* Kategory+CoreDataProperties.swift */ = {isa = PBXFileReference; fileEncoding = 4; lastKnownFileType = sourcecode.swift; path = "Kategory+CoreDataProperties.swift"; sourceTree = "<group>"; };
		B61DA5FB1F13F5F300EA31B1 /* KategoryViewController.swift */ = {isa = PBXFileReference; fileEncoding = 4; lastKnownFileType = sourcecode.swift; path = KategoryViewController.swift; sourceTree = "<group>"; };
		B61DA5FC1F13F5F300EA31B1 /* OneKategoryViewController.swift */ = {isa = PBXFileReference; fileEncoding = 4; lastKnownFileType = sourcecode.swift; path = OneKategoryViewController.swift; sourceTree = "<group>"; };
		B61DA5FD1F13F5F300EA31B1 /* TextEditViewController.swift */ = {isa = PBXFileReference; fileEncoding = 4; lastKnownFileType = sourcecode.swift; path = TextEditViewController.swift; sourceTree = "<group>"; };
		B6E81E0E1F08FF5500826A84 /* ErinnerungsAPP.app */ = {isa = PBXFileReference; explicitFileType = wrapper.application; includeInIndex = 0; path = ErinnerungsAPP.app; sourceTree = BUILT_PRODUCTS_DIR; };
		B6E81E111F08FF5500826A84 /* AppDelegate.swift */ = {isa = PBXFileReference; lastKnownFileType = sourcecode.swift; path = AppDelegate.swift; sourceTree = "<group>"; };
		B6E81E131F08FF5500826A84 /* ViewController.swift */ = {isa = PBXFileReference; lastKnownFileType = sourcecode.swift; path = ViewController.swift; sourceTree = "<group>"; };
		B6E81E161F08FF5500826A84 /* Base */ = {isa = PBXFileReference; lastKnownFileType = file.storyboard; name = Base; path = Base.lproj/Main.storyboard; sourceTree = "<group>"; };
		B6E81E1B1F08FF5500826A84 /* Assets.xcassets */ = {isa = PBXFileReference; lastKnownFileType = folder.assetcatalog; path = Assets.xcassets; sourceTree = "<group>"; };
		B6E81E1E1F08FF5500826A84 /* Base */ = {isa = PBXFileReference; lastKnownFileType = file.storyboard; name = Base; path = Base.lproj/LaunchScreen.storyboard; sourceTree = "<group>"; };
		B6E81E201F08FF5500826A84 /* Info.plist */ = {isa = PBXFileReference; lastKnownFileType = text.plist.xml; path = Info.plist; sourceTree = "<group>"; };
		D1FD2B881F12094600DA8C1D /* OverviewTableViewController.swift */ = {isa = PBXFileReference; fileEncoding = 4; lastKnownFileType = sourcecode.swift; path = OverviewTableViewController.swift; sourceTree = "<group>"; };
		D1FD2B8A1F12574100DA8C1D /* DetailController.swift */ = {isa = PBXFileReference; fileEncoding = 4; lastKnownFileType = sourcecode.swift; name = DetailController.swift; path = ../DetailController.swift; sourceTree = "<group>"; };
/* End PBXFileReference section */

/* Begin PBXFrameworksBuildPhase section */
		B6E81E0B1F08FF5500826A84 /* Frameworks */ = {
			isa = PBXFrameworksBuildPhase;
			buildActionMask = 2147483647;
			files = (
			);
			runOnlyForDeploymentPostprocessing = 0;
		};
/* End PBXFrameworksBuildPhase section */

/* Begin PBXGroup section */
		B61DA6081F13F64900EA31B1 /* Database Modules */ = {
			isa = PBXGroup;
			children = (
				B61DA5F41F13F5F300EA31B1 /* AnniversaryClaims+CoreDataClass.swift */,
				B61DA5F51F13F5F300EA31B1 /* AnniversaryClaims+CoreDataProperties.swift */,
				B61DA5F61F13F5F300EA31B1 /* BirthdayClaims+CoreDataClass.swift */,
				B61DA5F71F13F5F300EA31B1 /* BirthdayClaims+CoreDataProperties.swift */,
				B61DA5F91F13F5F300EA31B1 /* Kategory+CoreDataClass.swift */,
				B61DA5FA1F13F5F300EA31B1 /* Kategory+CoreDataProperties.swift */,
			);
			name = "Database Modules";
			sourceTree = "<group>";
		};
		B6E81E051F08FF5500826A84 = {
			isa = PBXGroup;
			children = (
				B6E81E101F08FF5500826A84 /* ErinnerungsAPP */,
				B6E81E0F1F08FF5500826A84 /* Products */,
			);
			sourceTree = "<group>";
		};
		B6E81E0F1F08FF5500826A84 /* Products */ = {
			isa = PBXGroup;
			children = (
				B6E81E0E1F08FF5500826A84 /* ErinnerungsAPP.app */,
			);
			name = Products;
			sourceTree = "<group>";
		};
		B6E81E101F08FF5500826A84 /* ErinnerungsAPP */ = {
			isa = PBXGroup;
			children = (
				B6E81E111F08FF5500826A84 /* AppDelegate.swift */,
				B6E81E131F08FF5500826A84 /* ViewController.swift */,
				B61DA5F11F13F58500EA31B1 /* ErinnerungsAPP.xcdatamodeld */,
				B61DA6081F13F64900EA31B1 /* Database Modules */,
				B61DA5F81F13F5F300EA31B1 /* ClaimTableViewCell.swift */,
				B61DA5FB1F13F5F300EA31B1 /* KategoryViewController.swift */,
				B61DA5FC1F13F5F300EA31B1 /* OneKategoryViewController.swift */,
				B61DA5FD1F13F5F300EA31B1 /* TextEditViewController.swift */,
				B6E81E151F08FF5500826A84 /* Main.storyboard */,
				D1FD2B881F12094600DA8C1D /* OverviewTableViewController.swift */,
				D1FD2B8A1F12574100DA8C1D /* DetailController.swift */,
				B6E81E1B1F08FF5500826A84 /* Assets.xcassets */,
				B6E81E1D1F08FF5500826A84 /* LaunchScreen.storyboard */,
				B6E81E201F08FF5500826A84 /* Info.plist */,
			);
			path = ErinnerungsAPP;
			sourceTree = "<group>";
		};
/* End PBXGroup section */

/* Begin PBXNativeTarget section */
		B6E81E0D1F08FF5500826A84 /* ErinnerungsAPP */ = {
			isa = PBXNativeTarget;
			buildConfigurationList = B6E81E231F08FF5500826A84 /* Build configuration list for PBXNativeTarget "ErinnerungsAPP" */;
			buildPhases = (
				B6E81E0A1F08FF5500826A84 /* Sources */,
				B6E81E0B1F08FF5500826A84 /* Frameworks */,
				B6E81E0C1F08FF5500826A84 /* Resources */,
			);
			buildRules = (
			);
			dependencies = (
			);
			name = ErinnerungsAPP;
			productName = ErinnerungsAPP;
			productReference = B6E81E0E1F08FF5500826A84 /* ErinnerungsAPP.app */;
			productType = "com.apple.product-type.application";
		};
/* End PBXNativeTarget section */

/* Begin PBXProject section */
		B6E81E061F08FF5500826A84 /* Project object */ = {
			isa = PBXProject;
			attributes = {
				LastSwiftUpdateCheck = 0820;
				LastUpgradeCheck = 0820;
				ORGANIZATIONNAME = "FH-Weingarten";
				TargetAttributes = {
					B6E81E0D1F08FF5500826A84 = {
						CreatedOnToolsVersion = 8.2.1;
						ProvisioningStyle = Automatic;
					};
				};
			};
			buildConfigurationList = B6E81E091F08FF5500826A84 /* Build configuration list for PBXProject "ErinnerungsAPP" */;
			compatibilityVersion = "Xcode 3.2";
			developmentRegion = English;
			hasScannedForEncodings = 0;
			knownRegions = (
				en,
				Base,
			);
			mainGroup = B6E81E051F08FF5500826A84;
			productRefGroup = B6E81E0F1F08FF5500826A84 /* Products */;
			projectDirPath = "";
			projectRoot = "";
			targets = (
				B6E81E0D1F08FF5500826A84 /* ErinnerungsAPP */,
			);
		};
/* End PBXProject section */

/* Begin PBXResourcesBuildPhase section */
		B6E81E0C1F08FF5500826A84 /* Resources */ = {
			isa = PBXResourcesBuildPhase;
			buildActionMask = 2147483647;
			files = (
				B6E81E1F1F08FF5500826A84 /* LaunchScreen.storyboard in Resources */,
				B6E81E1C1F08FF5500826A84 /* Assets.xcassets in Resources */,
				B6E81E171F08FF5500826A84 /* Main.storyboard in Resources */,
			);
			runOnlyForDeploymentPostprocessing = 0;
		};
/* End PBXResourcesBuildPhase section */

/* Begin PBXSourcesBuildPhase section */
		B6E81E0A1F08FF5500826A84 /* Sources */ = {
			isa = PBXSourcesBuildPhase;
			buildActionMask = 2147483647;
			files = (
				B61DA5FF1F13F5F300EA31B1 /* AnniversaryClaims+CoreDataProperties.swift in Sources */,
				B61DA6071F13F5F300EA31B1 /* TextEditViewController.swift in Sources */,
				B61DA5F31F13F58500EA31B1 /* ErinnerungsAPP.xcdatamodeld in Sources */,
				B61DA6031F13F5F300EA31B1 /* Kategory+CoreDataClass.swift in Sources */,
				B6E81E141F08FF5500826A84 /* ViewController.swift in Sources */,
				D1FD2B891F12094600DA8C1D /* OverviewTableViewController.swift in Sources */,
				B61DA6051F13F5F300EA31B1 /* KategoryViewController.swift in Sources */,
				D1FD2B8B1F12574100DA8C1D /* DetailController.swift in Sources */,
				B61DA6011F13F5F300EA31B1 /* BirthdayClaims+CoreDataProperties.swift in Sources */,
				B61DA6021F13F5F300EA31B1 /* ClaimTableViewCell.swift in Sources */,
				B61DA6001F13F5F300EA31B1 /* BirthdayClaims+CoreDataClass.swift in Sources */,
				B6E81E121F08FF5500826A84 /* AppDelegate.swift in Sources */,
				B61DA6061F13F5F300EA31B1 /* OneKategoryViewController.swift in Sources */,
				B61DA5FE1F13F5F300EA31B1 /* AnniversaryClaims+CoreDataClass.swift in Sources */,
				B61DA6041F13F5F300EA31B1 /* Kategory+CoreDataProperties.swift in Sources */,
			);
			runOnlyForDeploymentPostprocessing = 0;
		};
/* End PBXSourcesBuildPhase section */

/* Begin PBXVariantGroup section */
		B6E81E151F08FF5500826A84 /* Main.storyboard */ = {
			isa = PBXVariantGroup;
			children = (
				B6E81E161F08FF5500826A84 /* Base */,
			);
			name = Main.storyboard;
			sourceTree = "<group>";
		};
		B6E81E1D1F08FF5500826A84 /* LaunchScreen.storyboard */ = {
			isa = PBXVariantGroup;
			children = (
				B6E81E1E1F08FF5500826A84 /* Base */,
			);
			name = LaunchScreen.storyboard;
			sourceTree = "<group>";
		};
/* End PBXVariantGroup section */

/* Begin XCBuildConfiguration section */
		B6E81E211F08FF5500826A84 /* Debug */ = {
			isa = XCBuildConfiguration;
			buildSettings = {
				ALWAYS_SEARCH_USER_PATHS = NO;
				CLANG_ANALYZER_NONNULL = YES;
				CLANG_CXX_LANGUAGE_STANDARD = "gnu++0x";
				CLANG_CXX_LIBRARY = "libc++";
				CLANG_ENABLE_MODULES = YES;
				CLANG_ENABLE_OBJC_ARC = YES;
				CLANG_WARN_BOOL_CONVERSION = YES;
				CLANG_WARN_CONSTANT_CONVERSION = YES;
				CLANG_WARN_DIRECT_OBJC_ISA_USAGE = YES_ERROR;
				CLANG_WARN_DOCUMENTATION_COMMENTS = YES;
				CLANG_WARN_EMPTY_BODY = YES;
				CLANG_WARN_ENUM_CONVERSION = YES;
				CLANG_WARN_INFINITE_RECURSION = YES;
				CLANG_WARN_INT_CONVERSION = YES;
				CLANG_WARN_OBJC_ROOT_CLASS = YES_ERROR;
				CLANG_WARN_SUSPICIOUS_MOVE = YES;
				CLANG_WARN_UNREACHABLE_CODE = YES;
				CLANG_WARN__DUPLICATE_METHOD_MATCH = YES;
				"CODE_SIGN_IDENTITY[sdk=iphoneos*]" = "iPhone Developer";
				COPY_PHASE_STRIP = NO;
				DEBUG_INFORMATION_FORMAT = dwarf;
				ENABLE_STRICT_OBJC_MSGSEND = YES;
				ENABLE_TESTABILITY = YES;
				GCC_C_LANGUAGE_STANDARD = gnu99;
				GCC_DYNAMIC_NO_PIC = NO;
				GCC_NO_COMMON_BLOCKS = YES;
				GCC_OPTIMIZATION_LEVEL = 0;
				GCC_PREPROCESSOR_DEFINITIONS = (
					"DEBUG=1",
					"$(inherited)",
				);
				GCC_WARN_64_TO_32_BIT_CONVERSION = YES;
				GCC_WARN_ABOUT_RETURN_TYPE = YES_ERROR;
				GCC_WARN_UNDECLARED_SELECTOR = YES;
				GCC_WARN_UNINITIALIZED_AUTOS = YES_AGGRESSIVE;
				GCC_WARN_UNUSED_FUNCTION = YES;
				GCC_WARN_UNUSED_VARIABLE = YES;
				IPHONEOS_DEPLOYMENT_TARGET = 10.2;
				MTL_ENABLE_DEBUG_INFO = YES;
				ONLY_ACTIVE_ARCH = YES;
				SDKROOT = iphoneos;
				SWIFT_ACTIVE_COMPILATION_CONDITIONS = DEBUG;
				SWIFT_OPTIMIZATION_LEVEL = "-Onone";
				TARGETED_DEVICE_FAMILY = "1,2";
			};
			name = Debug;
		};
		B6E81E221F08FF5500826A84 /* Release */ = {
			isa = XCBuildConfiguration;
			buildSettings = {
				ALWAYS_SEARCH_USER_PATHS = NO;
				CLANG_ANALYZER_NONNULL = YES;
				CLANG_CXX_LANGUAGE_STANDARD = "gnu++0x";
				CLANG_CXX_LIBRARY = "libc++";
				CLANG_ENABLE_MODULES = YES;
				CLANG_ENABLE_OBJC_ARC = YES;
				CLANG_WARN_BOOL_CONVERSION = YES;
				CLANG_WARN_CONSTANT_CONVERSION = YES;
				CLANG_WARN_DIRECT_OBJC_ISA_USAGE = YES_ERROR;
				CLANG_WARN_DOCUMENTATION_COMMENTS = YES;
				CLANG_WARN_EMPTY_BODY = YES;
				CLANG_WARN_ENUM_CONVERSION = YES;
				CLANG_WARN_INFINITE_RECURSION = YES;
				CLANG_WARN_INT_CONVERSION = YES;
				CLANG_WARN_OBJC_ROOT_CLASS = YES_ERROR;
				CLANG_WARN_SUSPICIOUS_MOVE = YES;
				CLANG_WARN_UNREACHABLE_CODE = YES;
				CLANG_WARN__DUPLICATE_METHOD_MATCH = YES;
				"CODE_SIGN_IDENTITY[sdk=iphoneos*]" = "iPhone Developer";
				COPY_PHASE_STRIP = NO;
				DEBUG_INFORMATION_FORMAT = "dwarf-with-dsym";
				ENABLE_NS_ASSERTIONS = NO;
				ENABLE_STRICT_OBJC_MSGSEND = YES;
				GCC_C_LANGUAGE_STANDARD = gnu99;
				GCC_NO_COMMON_BLOCKS = YES;
				GCC_WARN_64_TO_32_BIT_CONVERSION = YES;
				GCC_WARN_ABOUT_RETURN_TYPE = YES_ERROR;
				GCC_WARN_UNDECLARED_SELECTOR = YES;
				GCC_WARN_UNINITIALIZED_AUTOS = YES_AGGRESSIVE;
				GCC_WARN_UNUSED_FUNCTION = YES;
				GCC_WARN_UNUSED_VARIABLE = YES;
				IPHONEOS_DEPLOYMENT_TARGET = 10.2;
				MTL_ENABLE_DEBUG_INFO = NO;
				SDKROOT = iphoneos;
				SWIFT_OPTIMIZATION_LEVEL = "-Owholemodule";
				TARGETED_DEVICE_FAMILY = "1,2";
				VALIDATE_PRODUCT = YES;
			};
			name = Release;
		};
		B6E81E241F08FF5500826A84 /* Debug */ = {
			isa = XCBuildConfiguration;
			buildSettings = {
				ASSETCATALOG_COMPILER_APPICON_NAME = AppIcon;
				INFOPLIST_FILE = ErinnerungsAPP/Info.plist;
				LD_RUNPATH_SEARCH_PATHS = "$(inherited) @executable_path/Frameworks";
				PRODUCT_BUNDLE_IDENTIFIER = com.ErinnerungsAPP;
				PRODUCT_NAME = "$(TARGET_NAME)";
				SWIFT_VERSION = 3.0;
			};
			name = Debug;
		};
		B6E81E251F08FF5500826A84 /* Release */ = {
			isa = XCBuildConfiguration;
			buildSettings = {
				ASSETCATALOG_COMPILER_APPICON_NAME = AppIcon;
				INFOPLIST_FILE = ErinnerungsAPP/Info.plist;
				LD_RUNPATH_SEARCH_PATHS = "$(inherited) @executable_path/Frameworks";
				PRODUCT_BUNDLE_IDENTIFIER = com.ErinnerungsAPP;
				PRODUCT_NAME = "$(TARGET_NAME)";
				SWIFT_VERSION = 3.0;
			};
			name = Release;
		};
/* End XCBuildConfiguration section */

/* Begin XCConfigurationList section */
		B6E81E091F08FF5500826A84 /* Build configuration list for PBXProject "ErinnerungsAPP" */ = {
			isa = XCConfigurationList;
			buildConfigurations = (
				B6E81E211F08FF5500826A84 /* Debug */,
				B6E81E221F08FF5500826A84 /* Release */,
			);
			defaultConfigurationIsVisible = 0;
			defaultConfigurationName = Release;
		};
		B6E81E231F08FF5500826A84 /* Build configuration list for PBXNativeTarget "ErinnerungsAPP" */ = {
			isa = XCConfigurationList;
			buildConfigurations = (
				B6E81E241F08FF5500826A84 /* Debug */,
				B6E81E251F08FF5500826A84 /* Release */,
			);
			defaultConfigurationIsVisible = 0;
			defaultConfigurationName = Release;
		};
/* End XCConfigurationList section */

/* Begin XCVersionGroup section */
		B61DA5F11F13F58500EA31B1 /* ErinnerungsAPP.xcdatamodeld */ = {
			isa = XCVersionGroup;
			children = (
				B61DA5F21F13F58500EA31B1 /* ErinnerungsAPP.xcdatamodel */,
			);
			currentVersion = B61DA5F21F13F58500EA31B1 /* ErinnerungsAPP.xcdatamodel */;
			path = ErinnerungsAPP.xcdatamodeld;
			sourceTree = "<group>";
			versionGroupType = wrapper.xcdatamodel;
		};
/* End XCVersionGroup section */
	};
	rootObject = B6E81E061F08FF5500826A84 /* Project object */;
}
